
Microsoft Visual Studio Solution File, Format Version 12.00
# Visual Studio 14
VisualStudioVersion = 14.0.22823.1
MinimumVisualStudioVersion = 10.0.40219.1
Project("{FAE04EC0-301F-11D3-BF4B-00C04F79EFBC}") = "Pifagor", "Pifagor 5.0\Pifagor.csproj", "{A901BBA1-F98B-4561-BFBE-550B7B243FA2}"
EndProject
Project("{FAE04EC0-301F-11D3-BF4B-00C04F79EFBC}") = "Pifagor.Geometry", "Pifagor.Geometry\Pifagor.Geometry.csproj", "{A4DD12E4-6A3C-4DF4-B332-F1A104C21421}"
EndProject
Project("{FAE04EC0-301F-11D3-BF4B-00C04F79EFBC}") = "Pifagor.Geometry.Tests", "Pifagor.Geometry.Tests\Pifagor.Geometry.Tests.csproj", "{73159B76-91A7-485B-9DBC-42779CE1DBF9}"
EndProject
Project("{FAE04EC0-301F-11D3-BF4B-00C04F79EFBC}") = "Pifagor.ClusterTree", "Pifagot.ClusterTree\Pifagor.ClusterTree.csproj", "{7223E56F-A82E-4379-90E2-8EA843F5FAEA}"
	ProjectSection(ProjectDependencies) = postProject
		{A4DD12E4-6A3C-4DF4-B332-F1A104C21421} = {A4DD12E4-6A3C-4DF4-B332-F1A104C21421}
	EndProjectSection
EndProject
Project("{FAE04EC0-301F-11D3-BF4B-00C04F79EFBC}") = "Pifagor.ClusterTreeTests", "Pifagor.ClusterTreeTests\Pifagor.ClusterTreeTests.csproj", "{C3484745-3D60-4B65-9D1A-72D7A0A47959}"
EndProject
Global
	GlobalSection(SolutionConfigurationPlatforms) = preSolution
		Debug|Any CPU = Debug|Any CPU
		Release|Any CPU = Release|Any CPU
	EndGlobalSection
	GlobalSection(ProjectConfigurationPlatforms) = postSolution
		{A901BBA1-F98B-4561-BFBE-550B7B243FA2}.Debug|Any CPU.ActiveCfg = Debug|Any CPU
		{A901BBA1-F98B-4561-BFBE-550B7B243FA2}.Debug|Any CPU.Build.0 = Debug|Any CPU
		{A901BBA1-F98B-4561-BFBE-550B7B243FA2}.Release|Any CPU.ActiveCfg = Release|Any CPU
		{A901BBA1-F98B-4561-BFBE-550B7B243FA2}.Release|Any CPU.Build.0 = Release|Any CPU
		{A4DD12E4-6A3C-4DF4-B332-F1A104C21421}.Debug|Any CPU.ActiveCfg = Debug|Any CPU
		{A4DD12E4-6A3C-4DF4-B332-F1A104C21421}.Debug|Any CPU.Build.0 = Debug|Any CPU
		{A4DD12E4-6A3C-4DF4-B332-F1A104C21421}.Release|Any CPU.ActiveCfg = Release|Any CPU
		{A4DD12E4-6A3C-4DF4-B332-F1A104C21421}.Release|Any CPU.Build.0 = Release|Any CPU
		{73159B76-91A7-485B-9DBC-42779CE1DBF9}.Debug|Any CPU.ActiveCfg = Debug|Any CPU
		{73159B76-91A7-485B-9DBC-42779CE1DBF9}.Debug|Any CPU.Build.0 = Debug|Any CPU
		{73159B76-91A7-485B-9DBC-42779CE1DBF9}.Release|Any CPU.ActiveCfg = Release|Any CPU
		{73159B76-91A7-485B-9DBC-42779CE1DBF9}.Release|Any CPU.Build.0 = Release|Any CPU
		{7223E56F-A82E-4379-90E2-8EA843F5FAEA}.Debug|Any CPU.ActiveCfg = Debug|Any CPU
		{7223E56F-A82E-4379-90E2-8EA843F5FAEA}.Debug|Any CPU.Build.0 = Debug|Any CPU
		{7223E56F-A82E-4379-90E2-8EA843F5FAEA}.Release|Any CPU.ActiveCfg = Release|Any CPU
		{7223E56F-A82E-4379-90E2-8EA843F5FAEA}.Release|Any CPU.Build.0 = Release|Any CPU
		{C3484745-3D60-4B65-9D1A-72D7A0A47959}.Debug|Any CPU.ActiveCfg = Debug|Any CPU
		{C3484745-3D60-4B65-9D1A-72D7A0A47959}.Debug|Any CPU.Build.0 = Debug|Any CPU
		{C3484745-3D60-4B65-9D1A-72D7A0A47959}.Release|Any CPU.ActiveCfg = Release|Any CPU
		{C3484745-3D60-4B65-9D1A-72D7A0A47959}.Release|Any CPU.Build.0 = Release|Any CPU
	EndGlobalSection
	GlobalSection(SolutionProperties) = preSolution
		HideSolutionNode = FALSE
	EndGlobalSection
EndGlobal
